// !$*UTF8*$!
{
	archiveVersion = 1;
	classes = {
	};
	objectVersion = 46;
	objects = {

/* Begin PBXBuildFile section */
		8AA46FDE1CCB444000451982 /* AppDelegate.swift in Sources */ = {isa = PBXBuildFile; fileRef = 8AA46FDD1CCB444000451982 /* AppDelegate.swift */; };
		8AA46FE01CCB444000451982 /* ViewController.swift in Sources */ = {isa = PBXBuildFile; fileRef = 8AA46FDF1CCB444000451982 /* ViewController.swift */; };
		8AA46FE31CCB444000451982 /* Main.storyboard in Resources */ = {isa = PBXBuildFile; fileRef = 8AA46FE11CCB444000451982 /* Main.storyboard */; };
		8AA46FE51CCB444000451982 /* Assets.xcassets in Resources */ = {isa = PBXBuildFile; fileRef = 8AA46FE41CCB444000451982 /* Assets.xcassets */; };
		8AA46FE81CCB444000451982 /* LaunchScreen.storyboard in Resources */ = {isa = PBXBuildFile; fileRef = 8AA46FE61CCB444000451982 /* LaunchScreen.storyboard */; };
		8AA46FF31CCB444000451982 /* HDI_AgenteTests.swift in Sources */ = {isa = PBXBuildFile; fileRef = 8AA46FF21CCB444000451982 /* HDI_AgenteTests.swift */; };
		8AA46FFE1CCB444000451982 /* HDI_AgenteUITests.swift in Sources */ = {isa = PBXBuildFile; fileRef = 8AA46FFD1CCB444000451982 /* HDI_AgenteUITests.swift */; };
/* End PBXBuildFile section */

/* Begin PBXContainerItemProxy section */
		8AA46FEF1CCB444000451982 /* PBXContainerItemProxy */ = {
			isa = PBXContainerItemProxy;
			containerPortal = 8AA46FD21CCB443F00451982 /* Project object */;
			proxyType = 1;
			remoteGlobalIDString = 8AA46FD91CCB443F00451982;
			remoteInfo = "HDI Agente";
		};
		8AA46FFA1CCB444000451982 /* PBXContainerItemProxy */ = {
			isa = PBXContainerItemProxy;
			containerPortal = 8AA46FD21CCB443F00451982 /* Project object */;
			proxyType = 1;
			remoteGlobalIDString = 8AA46FD91CCB443F00451982;
			remoteInfo = "HDI Agente";
		};
/* End PBXContainerItemProxy section */

/* Begin PBXFileReference section */
		8AA46FDA1CCB444000451982 /* HDI Agente.app */ = {isa = PBXFileReference; explicitFileType = wrapper.application; includeInIndex = 0; path = "HDI Agente.app"; sourceTree = BUILT_PRODUCTS_DIR; };
		8AA46FDD1CCB444000451982 /* AppDelegate.swift */ = {isa = PBXFileReference; lastKnownFileType = sourcecode.swift; path = AppDelegate.swift; sourceTree = "<group>"; };
		8AA46FDF1CCB444000451982 /* ViewController.swift */ = {isa = PBXFileReference; lastKnownFileType = sourcecode.swift; path = ViewController.swift; sourceTree = "<group>"; };
		8AA46FE21CCB444000451982 /* Base */ = {isa = PBXFileReference; lastKnownFileType = file.storyboard; name = Base; path = Base.lproj/Main.storyboard; sourceTree = "<group>"; };
		8AA46FE41CCB444000451982 /* Assets.xcassets */ = {isa = PBXFileReference; lastKnownFileType = folder.assetcatalog; path = Assets.xcassets; sourceTree = "<group>"; };
		8AA46FE71CCB444000451982 /* Base */ = {isa = PBXFileReference; lastKnownFileType = file.storyboard; name = Base; path = Base.lproj/LaunchScreen.storyboard; sourceTree = "<group>"; };
		8AA46FE91CCB444000451982 /* Info.plist */ = {isa = PBXFileReference; lastKnownFileType = text.plist.xml; path = Info.plist; sourceTree = "<group>"; };
		8AA46FEE1CCB444000451982 /* HDI AgenteTests.xctest */ = {isa = PBXFileReference; explicitFileType = wrapper.cfbundle; includeInIndex = 0; path = "HDI AgenteTests.xctest"; sourceTree = BUILT_PRODUCTS_DIR; };
		8AA46FF21CCB444000451982 /* HDI_AgenteTests.swift */ = {isa = PBXFileReference; lastKnownFileType = sourcecode.swift; path = HDI_AgenteTests.swift; sourceTree = "<group>"; };
		8AA46FF41CCB444000451982 /* Info.plist */ = {isa = PBXFileReference; lastKnownFileType = text.plist.xml; path = Info.plist; sourceTree = "<group>"; };
		8AA46FF91CCB444000451982 /* HDI AgenteUITests.xctest */ = {isa = PBXFileReference; explicitFileType = wrapper.cfbundle; includeInIndex = 0; path = "HDI AgenteUITests.xctest"; sourceTree = BUILT_PRODUCTS_DIR; };
		8AA46FFD1CCB444000451982 /* HDI_AgenteUITests.swift */ = {isa = PBXFileReference; lastKnownFileType = sourcecode.swift; path = HDI_AgenteUITests.swift; sourceTree = "<group>"; };
		8AA46FFF1CCB444000451982 /* Info.plist */ = {isa = PBXFileReference; lastKnownFileType = text.plist.xml; path = Info.plist; sourceTree = "<group>"; };
/* End PBXFileReference section */

/* Begin PBXFrameworksBuildPhase section */
		8AA46FD71CCB443F00451982 /* Frameworks */ = {
			isa = PBXFrameworksBuildPhase;
			buildActionMask = 2147483647;
			files = (
			);
			runOnlyForDeploymentPostprocessing = 0;
		};
		8AA46FEB1CCB444000451982 /* Frameworks */ = {
			isa = PBXFrameworksBuildPhase;
			buildActionMask = 2147483647;
			files = (
			);
			runOnlyForDeploymentPostprocessing = 0;
		};
		8AA46FF61CCB444000451982 /* Frameworks */ = {
			isa = PBXFrameworksBuildPhase;
			buildActionMask = 2147483647;
			files = (
			);
			runOnlyForDeploymentPostprocessing = 0;
		};
/* End PBXFrameworksBuildPhase section */

/* Begin PBXGroup section */
		8AA46FD11CCB443F00451982 = {
			isa = PBXGroup;
			children = (
				8AA46FDC1CCB444000451982 /* HDI Agente */,
				8AA46FF11CCB444000451982 /* HDI AgenteTests */,
				8AA46FFC1CCB444000451982 /* HDI AgenteUITests */,
				8AA46FDB1CCB444000451982 /* Products */,
			);
			sourceTree = "<group>";
		};
		8AA46FDB1CCB444000451982 /* Products */ = {
			isa = PBXGroup;
			children = (
				8AA46FDA1CCB444000451982 /* HDI Agente.app */,
				8AA46FEE1CCB444000451982 /* HDI AgenteTests.xctest */,
				8AA46FF91CCB444000451982 /* HDI AgenteUITests.xctest */,
			);
			name = Products;
			sourceTree = "<group>";
		};
		8AA46FDC1CCB444000451982 /* HDI Agente */ = {
			isa = PBXGroup;
			children = (
				8AA46FDD1CCB444000451982 /* AppDelegate.swift */,
				8AA46FDF1CCB444000451982 /* ViewController.swift */,
				8AA46FE11CCB444000451982 /* Main.storyboard */,
				8AA46FE41CCB444000451982 /* Assets.xcassets */,
				8AA46FE61CCB444000451982 /* LaunchScreen.storyboard */,
				8AA46FE91CCB444000451982 /* Info.plist */,
			);
			path = "HDI Agente";
			sourceTree = "<group>";
		};
		8AA46FF11CCB444000451982 /* HDI AgenteTests */ = {
			isa = PBXGroup;
			children = (
				8AA46FF21CCB444000451982 /* HDI_AgenteTests.swift */,
				8AA46FF41CCB444000451982 /* Info.plist */,
			);
			path = "HDI AgenteTests";
			sourceTree = "<group>";
		};
		8AA46FFC1CCB444000451982 /* HDI AgenteUITests */ = {
			isa = PBXGroup;
			children = (
				8AA46FFD1CCB444000451982 /* HDI_AgenteUITests.swift */,
				8AA46FFF1CCB444000451982 /* Info.plist */,
			);
			path = "HDI AgenteUITests";
			sourceTree = "<group>";
		};
/* End PBXGroup section */

/* Begin PBXNativeTarget section */
		8AA46FD91CCB443F00451982 /* HDI Agente */ = {
			isa = PBXNativeTarget;
			buildConfigurationList = 8AA470021CCB444000451982 /* Build configuration list for PBXNativeTarget "HDI Agente" */;
			buildPhases = (
				8AA46FD61CCB443F00451982 /* Sources */,
				8AA46FD71CCB443F00451982 /* Frameworks */,
				8AA46FD81CCB443F00451982 /* Resources */,
			);
			buildRules = (
			);
			dependencies = (
			);
			name = "HDI Agente";
			productName = "HDI Agente";
			productReference = 8AA46FDA1CCB444000451982 /* HDI Agente.app */;
			productType = "com.apple.product-type.application";
		};
		8AA46FED1CCB444000451982 /* HDI AgenteTests */ = {
			isa = PBXNativeTarget;
			buildConfigurationList = 8AA470051CCB444000451982 /* Build configuration list for PBXNativeTarget "HDI AgenteTests" */;
			buildPhases = (
				8AA46FEA1CCB444000451982 /* Sources */,
				8AA46FEB1CCB444000451982 /* Frameworks */,
				8AA46FEC1CCB444000451982 /* Resources */,
			);
			buildRules = (
			);
			dependencies = (
				8AA46FF01CCB444000451982 /* PBXTargetDependency */,
			);
			name = "HDI AgenteTests";
			productName = "HDI AgenteTests";
			productReference = 8AA46FEE1CCB444000451982 /* HDI AgenteTests.xctest */;
			productType = "com.apple.product-type.bundle.unit-test";
		};
		8AA46FF81CCB444000451982 /* HDI AgenteUITests */ = {
			isa = PBXNativeTarget;
			buildConfigurationList = 8AA470081CCB444000451982 /* Build configuration list for PBXNativeTarget "HDI AgenteUITests" */;
			buildPhases = (
				8AA46FF51CCB444000451982 /* Sources */,
				8AA46FF61CCB444000451982 /* Frameworks */,
				8AA46FF71CCB444000451982 /* Resources */,
			);
			buildRules = (
			);
			dependencies = (
				8AA46FFB1CCB444000451982 /* PBXTargetDependency */,
			);
			name = "HDI AgenteUITests";
			productName = "HDI AgenteUITests";
			productReference = 8AA46FF91CCB444000451982 /* HDI AgenteUITests.xctest */;
			productType = "com.apple.product-type.bundle.ui-testing";
		};
/* End PBXNativeTarget section */

/* Begin PBXProject section */
		8AA46FD21CCB443F00451982 /* Project object */ = {
			isa = PBXProject;
			attributes = {
				LastSwiftUpdateCheck = 0720;
				LastUpgradeCheck = 0720;
				ORGANIZATIONNAME = "In-die Apps";
				TargetAttributes = {
					8AA46FD91CCB443F00451982 = {
						CreatedOnToolsVersion = 7.2;
						DevelopmentTeam = 4DWZA9E359;
					};
					8AA46FED1CCB444000451982 = {
						CreatedOnToolsVersion = 7.2;
						DevelopmentTeam = 4DWZA9E359;
						TestTargetID = 8AA46FD91CCB443F00451982;
					};
					8AA46FF81CCB444000451982 = {
						CreatedOnToolsVersion = 7.2;
						DevelopmentTeam = 4DWZA9E359;
						TestTargetID = 8AA46FD91CCB443F00451982;
					};
				};
			};
			buildConfigurationList = 8AA46FD51CCB443F00451982 /* Build configuration list for PBXProject "HDI Agente" */;
			compatibilityVersion = "Xcode 3.2";
			developmentRegion = English;
			hasScannedForEncodings = 0;
			knownRegions = (
				en,
				Base,
			);
			mainGroup = 8AA46FD11CCB443F00451982;
			productRefGroup = 8AA46FDB1CCB444000451982 /* Products */;
			projectDirPath = "";
			projectRoot = "";
			targets = (
				8AA46FD91CCB443F00451982 /* HDI Agente */,
				8AA46FED1CCB444000451982 /* HDI AgenteTests */,
				8AA46FF81CCB444000451982 /* HDI AgenteUITests */,
			);
		};
/* End PBXProject section */

/* Begin PBXResourcesBuildPhase section */
		8AA46FD81CCB443F00451982 /* Resources */ = {
			isa = PBXResourcesBuildPhase;
			buildActionMask = 2147483647;
			files = (
				8AA46FE81CCB444000451982 /* LaunchScreen.storyboard in Resources */,
				8AA46FE51CCB444000451982 /* Assets.xcassets in Resources */,
				8AA46FE31CCB444000451982 /* Main.storyboard in Resources */,
			);
			runOnlyForDeploymentPostprocessing = 0;
		};
		8AA46FEC1CCB444000451982 /* Resources */ = {
			isa = PBXResourcesBuildPhase;
			buildActionMask = 2147483647;
			files = (
			);
			runOnlyForDeploymentPostprocessing = 0;
		};
		8AA46FF71CCB444000451982 /* Resources */ = {
			isa = PBXResourcesBuildPhase;
			buildActionMask = 2147483647;
			files = (
			);
			runOnlyForDeploymentPostprocessing = 0;
		};
/* End PBXResourcesBuildPhase section */

/* Begin PBXSourcesBuildPhase section */
		8AA46FD61CCB443F00451982 /* Sources */ = {
			isa = PBXSourcesBuildPhase;
			buildActionMask = 2147483647;
			files = (
				8AA46FE01CCB444000451982 /* ViewController.swift in Sources */,
				8AA46FDE1CCB444000451982 /* AppDelegate.swift in Sources */,
			);
			runOnlyForDeploymentPostprocessing = 0;
		};
		8AA46FEA1CCB444000451982 /* Sources */ = {
			isa = PBXSourcesBuildPhase;
			buildActionMask = 2147483647;
			files = (
				8AA46FF31CCB444000451982 /* HDI_AgenteTests.swift in Sources */,
			);
			runOnlyForDeploymentPostprocessing = 0;
		};
		8AA46FF51CCB444000451982 /* Sources */ = {
			isa = PBXSourcesBuildPhase;
			buildActionMask = 2147483647;
			files = (
				8AA46FFE1CCB444000451982 /* HDI_AgenteUITests.swift in Sources */,
			);
			runOnlyForDeploymentPostprocessing = 0;
		};
/* End PBXSourcesBuildPhase section */

/* Begin PBXTargetDependency section */
		8AA46FF01CCB444000451982 /* PBXTargetDependency */ = {
			isa = PBXTargetDependency;
			target = 8AA46FD91CCB443F00451982 /* HDI Agente */;
			targetProxy = 8AA46FEF1CCB444000451982 /* PBXContainerItemProxy */;
		};
		8AA46FFB1CCB444000451982 /* PBXTargetDependency */ = {
			isa = PBXTargetDependency;
			target = 8AA46FD91CCB443F00451982 /* HDI Agente */;
			targetProxy = 8AA46FFA1CCB444000451982 /* PBXContainerItemProxy */;
		};
/* End PBXTargetDependency section */

/* Begin PBXVariantGroup section */
		8AA46FE11CCB444000451982 /* Main.storyboard */ = {
			isa = PBXVariantGroup;
			children = (
				8AA46FE21CCB444000451982 /* Base */,
			);
			name = Main.storyboard;
			sourceTree = "<group>";
		};
		8AA46FE61CCB444000451982 /* LaunchScreen.storyboard */ = {
			isa = PBXVariantGroup;
			children = (
				8AA46FE71CCB444000451982 /* Base */,
			);
			name = LaunchScreen.storyboard;
			sourceTree = "<group>";
		};
/* End PBXVariantGroup section */

/* Begin XCBuildConfiguration section */
		8AA470001CCB444000451982 /* Debug */ = {
			isa = XCBuildConfiguration;
			buildSettings = {
				ALWAYS_SEARCH_USER_PATHS = NO;
				CLANG_CXX_LANGUAGE_STANDARD = "gnu++0x";
				CLANG_CXX_LIBRARY = "libc++";
				CLANG_ENABLE_MODULES = YES;
				CLANG_ENABLE_OBJC_ARC = YES;
				CLANG_WARN_BOOL_CONVERSION = YES;
				CLANG_WARN_CONSTANT_CONVERSION = YES;
				CLANG_WARN_DIRECT_OBJC_ISA_USAGE = YES_ERROR;
				CLANG_WARN_EMPTY_BODY = YES;
				CLANG_WARN_ENUM_CONVERSION = YES;
				CLANG_WARN_INT_CONVERSION = YES;
				CLANG_WARN_OBJC_ROOT_CLASS = YES_ERROR;
				CLANG_WARN_UNREACHABLE_CODE = YES;
				CLANG_WARN__DUPLICATE_METHOD_MATCH = YES;
				"CODE_SIGN_IDENTITY[sdk=iphoneos*]" = "iPhone Developer";
				COPY_PHASE_STRIP = NO;
				DEBUG_INFORMATION_FORMAT = dwarf;
				ENABLE_STRICT_OBJC_MSGSEND = YES;
				ENABLE_TESTABILITY = YES;
				GCC_C_LANGUAGE_STANDARD = gnu99;
				GCC_DYNAMIC_NO_PIC = NO;
				GCC_NO_COMMON_BLOCKS = YES;
				GCC_OPTIMIZATION_LEVEL = 0;
				GCC_PREPROCESSOR_DEFINITIONS = (
					"DEBUG=1",
					"$(inherited)",
				);
				GCC_WARN_64_TO_32_BIT_CONVERSION = YES;
				GCC_WARN_ABOUT_RETURN_TYPE = YES_ERROR;
				GCC_WARN_UNDECLARED_SELECTOR = YES;
				GCC_WARN_UNINITIALIZED_AUTOS = YES_AGGRESSIVE;
				GCC_WARN_UNUSED_FUNCTION = YES;
				GCC_WARN_UNUSED_VARIABLE = YES;
				IPHONEOS_DEPLOYMENT_TARGET = 9.2;
				MTL_ENABLE_DEBUG_INFO = YES;
				ONLY_ACTIVE_ARCH = YES;
				SDKROOT = iphoneos;
				SWIFT_OPTIMIZATION_LEVEL = "-Onone";
				TARGETED_DEVICE_FAMILY = "1,2";
			};
			name = Debug;
		};
		8AA470011CCB444000451982 /* Release */ = {
			isa = XCBuildConfiguration;
			buildSettings = {
				ALWAYS_SEARCH_USER_PATHS = NO;
				CLANG_CXX_LANGUAGE_STANDARD = "gnu++0x";
				CLANG_CXX_LIBRARY = "libc++";
				CLANG_ENABLE_MODULES = YES;
				CLANG_ENABLE_OBJC_ARC = YES;
				CLANG_WARN_BOOL_CONVERSION = YES;
				CLANG_WARN_CONSTANT_CONVERSION = YES;
				CLANG_WARN_DIRECT_OBJC_ISA_USAGE = YES_ERROR;
				CLANG_WARN_EMPTY_BODY = YES;
				CLANG_WARN_ENUM_CONVERSION = YES;
				CLANG_WARN_INT_CONVERSION = YES;
				CLANG_WARN_OBJC_ROOT_CLASS = YES_ERROR;
				CLANG_WARN_UNREACHABLE_CODE = YES;
				CLANG_WARN__DUPLICATE_METHOD_MATCH = YES;
				"CODE_SIGN_IDENTITY[sdk=iphoneos*]" = "iPhone Developer";
				COPY_PHASE_STRIP = NO;
				DEBUG_INFORMATION_FORMAT = "dwarf-with-dsym";
				ENABLE_NS_ASSERTIONS = NO;
				ENABLE_STRICT_OBJC_MSGSEND = YES;
				GCC_C_LANGUAGE_STANDARD = gnu99;
				GCC_NO_COMMON_BLOCKS = YES;
				GCC_WARN_64_TO_32_BIT_CONVERSION = YES;
				GCC_WARN_ABOUT_RETURN_TYPE = YES_ERROR;
				GCC_WARN_UNDECLARED_SELECTOR = YES;
				GCC_WARN_UNINITIALIZED_AUTOS = YES_AGGRESSIVE;
				GCC_WARN_UNUSED_FUNCTION = YES;
				GCC_WARN_UNUSED_VARIABLE = YES;
				IPHONEOS_DEPLOYMENT_TARGET = 9.2;
				MTL_ENABLE_DEBUG_INFO = NO;
				SDKROOT = iphoneos;
				TARGETED_DEVICE_FAMILY = "1,2";
				VALIDATE_PRODUCT = YES;
			};
			name = Release;
		};
		8AA470031CCB444000451982 /* Debug */ = {
			isa = XCBuildConfiguration;
			buildSettings = {
				ASSETCATALOG_COMPILER_APPICON_NAME = AppIcon;
				INFOPLIST_FILE = "HDI Agente/Info.plist";
				LD_RUNPATH_SEARCH_PATHS = "$(inherited) @executable_path/Frameworks";
				PRODUCT_BUNDLE_IDENTIFIER = "In-die-Apps.HDI-Agente";
				PRODUCT_NAME = "$(TARGET_NAME)";
			};
			name = Debug;
		};
		8AA470041CCB444000451982 /* Release */ = {
			isa = XCBuildConfiguration;
			buildSettings = {
				ASSETCATALOG_COMPILER_APPICON_NAME = AppIcon;
				INFOPLIST_FILE = "HDI Agente/Info.plist";
				LD_RUNPATH_SEARCH_PATHS = "$(inherited) @executable_path/Frameworks";
				PRODUCT_BUNDLE_IDENTIFIER = "In-die-Apps.HDI-Agente";
				PRODUCT_NAME = "$(TARGET_NAME)";
			};
			name = Release;
		};
		8AA470061CCB444000451982 /* Debug */ = {
			isa = XCBuildConfiguration;
			buildSettings = {
				BUNDLE_LOADER = "$(TEST_HOST)";
				INFOPLIST_FILE = "HDI AgenteTests/Info.plist";
				LD_RUNPATH_SEARCH_PATHS = "$(inherited) @executable_path/Frameworks @loader_path/Frameworks";
				PRODUCT_BUNDLE_IDENTIFIER = "In-die-Apps.HDI-AgenteTests";
				PRODUCT_NAME = "$(TARGET_NAME)";
				TEST_HOST = "$(BUILT_PRODUCTS_DIR)/HDI Agente.app/HDI Agente";
			};
			name = Debug;
		};
		8AA470071CCB444000451982 /* Release */ = {
			isa = XCBuildConfiguration;
			buildSettings = {
				BUNDLE_LOADER = "$(TEST_HOST)";
				INFOPLIST_FILE = "HDI AgenteTests/Info.plist";
				LD_RUNPATH_SEARCH_PATHS = "$(inherited) @executable_path/Frameworks @loader_path/Frameworks";
				PRODUCT_BUNDLE_IDENTIFIER = "In-die-Apps.HDI-AgenteTests";
				PRODUCT_NAME = "$(TARGET_NAME)";
				TEST_HOST = "$(BUILT_PRODUCTS_DIR)/HDI Agente.app/HDI Agente";
			};
			name = Release;
		};
		8AA470091CCB444000451982 /* Debug */ = {
			isa = XCBuildConfiguration;
			buildSettings = {
				INFOPLIST_FILE = "HDI AgenteUITests/Info.plist";
				LD_RUNPATH_SEARCH_PATHS = "$(inherited) @executable_path/Frameworks @loader_path/Frameworks";
				PRODUCT_BUNDLE_IDENTIFIER = "In-die-Apps.HDI-AgenteUITests";
				PRODUCT_NAME = "$(TARGET_NAME)";
				TEST_TARGET_NAME = "HDI Agente";
				USES_XCTRUNNER = YES;
			};
			name = Debug;
		};
		8AA4700A1CCB444000451982 /* Release */ = {
			isa = XCBuildConfiguration;
			buildSettings = {
				INFOPLIST_FILE = "HDI AgenteUITests/Info.plist";
				LD_RUNPATH_SEARCH_PATHS = "$(inherited) @executable_path/Frameworks @loader_path/Frameworks";
				PRODUCT_BUNDLE_IDENTIFIER = "In-die-Apps.HDI-AgenteUITests";
				PRODUCT_NAME = "$(TARGET_NAME)";
				TEST_TARGET_NAME = "HDI Agente";
				USES_XCTRUNNER = YES;
			};
			name = Release;
		};
/* End XCBuildConfiguration section */

/* Begin XCConfigurationList section */
		8AA46FD51CCB443F00451982 /* Build configuration list for PBXProject "HDI Agente" */ = {
			isa = XCConfigurationList;
			buildConfigurations = (
				8AA470001CCB444000451982 /* Debug */,
				8AA470011CCB444000451982 /* Release */,
			);
			defaultConfigurationIsVisible = 0;
			defaultConfigurationName = Release;
		};
		8AA470021CCB444000451982 /* Build configuration list for PBXNativeTarget "HDI Agente" */ = {
			isa = XCConfigurationList;
			buildConfigurations = (
				8AA470031CCB444000451982 /* Debug */,
				8AA470041CCB444000451982 /* Release */,
			);
			defaultConfigurationIsVisible = 0;
		};
		8AA470051CCB444000451982 /* Build configuration list for PBXNativeTarget "HDI AgenteTests" */ = {
			isa = XCConfigurationList;
			buildConfigurations = (
				8AA470061CCB444000451982 /* Debug */,
				8AA470071CCB444000451982 /* Release */,
			);
			defaultConfigurationIsVisible = 0;
		};
		8AA470081CCB444000451982 /* Build configuration list for PBXNativeTarget "HDI AgenteUITests" */ = {
			isa = XCConfigurationList;
			buildConfigurations = (
				8AA470091CCB444000451982 /* Debug */,
				8AA4700A1CCB444000451982 /* Release */,
			);
			defaultConfigurationIsVisible = 0;
		};
/* End XCConfigurationList section */
	};
	rootObject = 8AA46FD21CCB443F00451982 /* Project object */;
}
